// !$*UTF8*$!
{
	archiveVersion = 1;
	classes = {
	};
	objectVersion = 48;
	objects = {

/* Begin PBXBuildFile section */
		1E277E0A1F56CC4F0077A324 /* AppDelegate.m in Sources */ = {isa = PBXBuildFile; fileRef = 1E277E091F56CC4F0077A324 /* AppDelegate.m */; };
		1E277E0D1F56CC4F0077A324 /* ObjCViewController.m in Sources */ = {isa = PBXBuildFile; fileRef = 1E277E0C1F56CC4F0077A324 /* ObjCViewController.m */; };
		1E277E101F56CC4F0077A324 /* Main.storyboard in Resources */ = {isa = PBXBuildFile; fileRef = 1E277E0E1F56CC4F0077A324 /* Main.storyboard */; };
		1E277E121F56CC4F0077A324 /* Assets.xcassets in Resources */ = {isa = PBXBuildFile; fileRef = 1E277E111F56CC4F0077A324 /* Assets.xcassets */; };
		1E277E151F56CC4F0077A324 /* LaunchScreen.storyboard in Resources */ = {isa = PBXBuildFile; fileRef = 1E277E131F56CC4F0077A324 /* LaunchScreen.storyboard */; };
		1E277E181F56CC4F0077A324 /* main.m in Sources */ = {isa = PBXBuildFile; fileRef = 1E277E171F56CC4F0077A324 /* main.m */; };
		1E277E221F56CC4F0077A324 /* Async_Fetch_ExampleTests.m in Sources */ = {isa = PBXBuildFile; fileRef = 1E277E211F56CC4F0077A324 /* Async_Fetch_ExampleTests.m */; };
		1E277E2D1F56CC500077A324 /* Async_Fetch_ExampleUITests.m in Sources */ = {isa = PBXBuildFile; fileRef = 1E277E2C1F56CC500077A324 /* Async_Fetch_ExampleUITests.m */; };
		1E277E3E1F56F2020077A324 /* SwiftViewController.swift in Sources */ = {isa = PBXBuildFile; fileRef = 1E277E3D1F56F2020077A324 /* SwiftViewController.swift */; };
		1E8B36741F5D86A600CF4DE7 /* SwiftTableViewCell.swift in Sources */ = {isa = PBXBuildFile; fileRef = 1E8B36731F5D86A600CF4DE7 /* SwiftTableViewCell.swift */; };
		1EA493021F58002100802500 /* SwiftViewModel.swift in Sources */ = {isa = PBXBuildFile; fileRef = 1EA493011F58002100802500 /* SwiftViewModel.swift */; };
		1EA493041F58004D00802500 /* SwiftModel.swift in Sources */ = {isa = PBXBuildFile; fileRef = 1EA493031F58004D00802500 /* SwiftModel.swift */; };
		1EA493071F5803AA00802500 /* ObjCModel.m in Sources */ = {isa = PBXBuildFile; fileRef = 1EA493061F5803AA00802500 /* ObjCModel.m */; };
		1EA4930A1F5803C100802500 /* ObjCViewModel.m in Sources */ = {isa = PBXBuildFile; fileRef = 1EA493091F5803C100802500 /* ObjCViewModel.m */; };
		1ECD74EA1F5D8127002AFBAB /* SwiftyJSON.swift in Sources */ = {isa = PBXBuildFile; fileRef = 1ECD74E91F5D8127002AFBAB /* SwiftyJSON.swift */; };
		1EEABB3E1F7E4EDD007E134C /* ObjCTableViewCell.m in Sources */ = {isa = PBXBuildFile; fileRef = 1EEABB3D1F7E4EDD007E134C /* ObjCTableViewCell.m */; };
/* End PBXBuildFile section */

/* Begin PBXContainerItemProxy section */
		1E277E1E1F56CC4F0077A324 /* PBXContainerItemProxy */ = {
			isa = PBXContainerItemProxy;
			containerPortal = 1E277DFD1F56CC4F0077A324 /* Project object */;
			proxyType = 1;
			remoteGlobalIDString = 1E277E041F56CC4F0077A324;
			remoteInfo = "Async Fetch Example";
		};
		1E277E291F56CC4F0077A324 /* PBXContainerItemProxy */ = {
			isa = PBXContainerItemProxy;
			containerPortal = 1E277DFD1F56CC4F0077A324 /* Project object */;
			proxyType = 1;
			remoteGlobalIDString = 1E277E041F56CC4F0077A324;
			remoteInfo = "Async Fetch Example";
		};
/* End PBXContainerItemProxy section */

/* Begin PBXFileReference section */
		1E277E051F56CC4F0077A324 /* Async Fetch Example.app */ = {isa = PBXFileReference; explicitFileType = wrapper.application; includeInIndex = 0; path = "Async Fetch Example.app"; sourceTree = BUILT_PRODUCTS_DIR; };
		1E277E081F56CC4F0077A324 /* AppDelegate.h */ = {isa = PBXFileReference; lastKnownFileType = sourcecode.c.h; path = AppDelegate.h; sourceTree = "<group>"; };
		1E277E091F56CC4F0077A324 /* AppDelegate.m */ = {isa = PBXFileReference; lastKnownFileType = sourcecode.c.objc; path = AppDelegate.m; sourceTree = "<group>"; };
		1E277E0B1F56CC4F0077A324 /* ObjCViewController.h */ = {isa = PBXFileReference; lastKnownFileType = sourcecode.c.h; path = ObjCViewController.h; sourceTree = "<group>"; };
		1E277E0C1F56CC4F0077A324 /* ObjCViewController.m */ = {isa = PBXFileReference; lastKnownFileType = sourcecode.c.objc; path = ObjCViewController.m; sourceTree = "<group>"; };
		1E277E0F1F56CC4F0077A324 /* Base */ = {isa = PBXFileReference; lastKnownFileType = file.storyboard; name = Base; path = Base.lproj/Main.storyboard; sourceTree = "<group>"; };
		1E277E111F56CC4F0077A324 /* Assets.xcassets */ = {isa = PBXFileReference; lastKnownFileType = folder.assetcatalog; path = Assets.xcassets; sourceTree = "<group>"; };
		1E277E141F56CC4F0077A324 /* Base */ = {isa = PBXFileReference; lastKnownFileType = file.storyboard; name = Base; path = Base.lproj/LaunchScreen.storyboard; sourceTree = "<group>"; };
		1E277E161F56CC4F0077A324 /* Info.plist */ = {isa = PBXFileReference; lastKnownFileType = text.plist.xml; path = Info.plist; sourceTree = "<group>"; };
		1E277E171F56CC4F0077A324 /* main.m */ = {isa = PBXFileReference; lastKnownFileType = sourcecode.c.objc; path = main.m; sourceTree = "<group>"; };
		1E277E1D1F56CC4F0077A324 /* Async Fetch ExampleTests.xctest */ = {isa = PBXFileReference; explicitFileType = wrapper.cfbundle; includeInIndex = 0; path = "Async Fetch ExampleTests.xctest"; sourceTree = BUILT_PRODUCTS_DIR; };
		1E277E211F56CC4F0077A324 /* Async_Fetch_ExampleTests.m */ = {isa = PBXFileReference; lastKnownFileType = sourcecode.c.objc; path = Async_Fetch_ExampleTests.m; sourceTree = "<group>"; };
		1E277E231F56CC4F0077A324 /* Info.plist */ = {isa = PBXFileReference; lastKnownFileType = text.plist.xml; path = Info.plist; sourceTree = "<group>"; };
		1E277E281F56CC4F0077A324 /* Async Fetch ExampleUITests.xctest */ = {isa = PBXFileReference; explicitFileType = wrapper.cfbundle; includeInIndex = 0; path = "Async Fetch ExampleUITests.xctest"; sourceTree = BUILT_PRODUCTS_DIR; };
		1E277E2C1F56CC500077A324 /* Async_Fetch_ExampleUITests.m */ = {isa = PBXFileReference; lastKnownFileType = sourcecode.c.objc; path = Async_Fetch_ExampleUITests.m; sourceTree = "<group>"; };
		1E277E2E1F56CC500077A324 /* Info.plist */ = {isa = PBXFileReference; lastKnownFileType = text.plist.xml; path = Info.plist; sourceTree = "<group>"; };
		1E277E3C1F56F2010077A324 /* Async Fetch Example-Bridging-Header.h */ = {isa = PBXFileReference; lastKnownFileType = sourcecode.c.h; path = "Async Fetch Example-Bridging-Header.h"; sourceTree = "<group>"; };
		1E277E3D1F56F2020077A324 /* SwiftViewController.swift */ = {isa = PBXFileReference; lastKnownFileType = sourcecode.swift; path = SwiftViewController.swift; sourceTree = "<group>"; };
		1E8B36731F5D86A600CF4DE7 /* SwiftTableViewCell.swift */ = {isa = PBXFileReference; lastKnownFileType = sourcecode.swift; path = SwiftTableViewCell.swift; sourceTree = "<group>"; };
		1EA493011F58002100802500 /* SwiftViewModel.swift */ = {isa = PBXFileReference; lastKnownFileType = sourcecode.swift; path = SwiftViewModel.swift; sourceTree = "<group>"; };
		1EA493031F58004D00802500 /* SwiftModel.swift */ = {isa = PBXFileReference; lastKnownFileType = sourcecode.swift; path = SwiftModel.swift; sourceTree = "<group>"; };
		1EA493051F5803AA00802500 /* ObjCModel.h */ = {isa = PBXFileReference; lastKnownFileType = sourcecode.c.h; path = ObjCModel.h; sourceTree = "<group>"; };
		1EA493061F5803AA00802500 /* ObjCModel.m */ = {isa = PBXFileReference; lastKnownFileType = sourcecode.c.objc; path = ObjCModel.m; sourceTree = "<group>"; };
		1EA493081F5803C100802500 /* ObjCViewModel.h */ = {isa = PBXFileReference; lastKnownFileType = sourcecode.c.h; path = ObjCViewModel.h; sourceTree = "<group>"; };
		1EA493091F5803C100802500 /* ObjCViewModel.m */ = {isa = PBXFileReference; lastKnownFileType = sourcecode.c.objc; path = ObjCViewModel.m; sourceTree = "<group>"; };
		1ECD74E91F5D8127002AFBAB /* SwiftyJSON.swift */ = {isa = PBXFileReference; fileEncoding = 4; lastKnownFileType = sourcecode.swift; path = SwiftyJSON.swift; sourceTree = "<group>"; };
		1EEABB3C1F7E4EDD007E134C /* ObjCTableViewCell.h */ = {isa = PBXFileReference; lastKnownFileType = sourcecode.c.h; path = ObjCTableViewCell.h; sourceTree = "<group>"; };
		1EEABB3D1F7E4EDD007E134C /* ObjCTableViewCell.m */ = {isa = PBXFileReference; lastKnownFileType = sourcecode.c.objc; path = ObjCTableViewCell.m; sourceTree = "<group>"; };
/* End PBXFileReference section */

/* Begin PBXFrameworksBuildPhase section */
		1E277E021F56CC4F0077A324 /* Frameworks */ = {
			isa = PBXFrameworksBuildPhase;
			buildActionMask = 2147483647;
			files = (
			);
			runOnlyForDeploymentPostprocessing = 0;
		};
		1E277E1A1F56CC4F0077A324 /* Frameworks */ = {
			isa = PBXFrameworksBuildPhase;
			buildActionMask = 2147483647;
			files = (
			);
			runOnlyForDeploymentPostprocessing = 0;
		};
		1E277E251F56CC4F0077A324 /* Frameworks */ = {
			isa = PBXFrameworksBuildPhase;
			buildActionMask = 2147483647;
			files = (
			);
			runOnlyForDeploymentPostprocessing = 0;
		};
/* End PBXFrameworksBuildPhase section */

/* Begin PBXGroup section */
		1E277DFC1F56CC4F0077A324 = {
			isa = PBXGroup;
			children = (
				1E277E071F56CC4F0077A324 /* Async Fetch Example */,
				1E277E201F56CC4F0077A324 /* Async Fetch ExampleTests */,
				1E277E2B1F56CC4F0077A324 /* Async Fetch ExampleUITests */,
				1E277E061F56CC4F0077A324 /* Products */,
			);
			sourceTree = "<group>";
		};
		1E277E061F56CC4F0077A324 /* Products */ = {
			isa = PBXGroup;
			children = (
				1E277E051F56CC4F0077A324 /* Async Fetch Example.app */,
				1E277E1D1F56CC4F0077A324 /* Async Fetch ExampleTests.xctest */,
				1E277E281F56CC4F0077A324 /* Async Fetch ExampleUITests.xctest */,
			);
			name = Products;
			sourceTree = "<group>";
		};
		1E277E071F56CC4F0077A324 /* Async Fetch Example */ = {
			isa = PBXGroup;
			children = (
				1E277E081F56CC4F0077A324 /* AppDelegate.h */,
				1E277E091F56CC4F0077A324 /* AppDelegate.m */,
				1EEABB3A1F7E49CE007E134C /* Objective-C */,
				1EEABB3B1F7E49E2007E134C /* Swift */,
				1E277E0E1F56CC4F0077A324 /* Main.storyboard */,
				1E277E111F56CC4F0077A324 /* Assets.xcassets */,
				1E277E131F56CC4F0077A324 /* LaunchScreen.storyboard */,
				1E277E161F56CC4F0077A324 /* Info.plist */,
				1E277E171F56CC4F0077A324 /* main.m */,
				1E277E3C1F56F2010077A324 /* Async Fetch Example-Bridging-Header.h */,
			);
			path = "Async Fetch Example";
			sourceTree = "<group>";
		};
		1E277E201F56CC4F0077A324 /* Async Fetch ExampleTests */ = {
			isa = PBXGroup;
			children = (
				1E277E211F56CC4F0077A324 /* Async_Fetch_ExampleTests.m */,
				1E277E231F56CC4F0077A324 /* Info.plist */,
			);
			path = "Async Fetch ExampleTests";
			sourceTree = "<group>";
		};
		1E277E2B1F56CC4F0077A324 /* Async Fetch ExampleUITests */ = {
			isa = PBXGroup;
			children = (
				1E277E2C1F56CC500077A324 /* Async_Fetch_ExampleUITests.m */,
				1E277E2E1F56CC500077A324 /* Info.plist */,
			);
			path = "Async Fetch ExampleUITests";
			sourceTree = "<group>";
		};
		1EEABB3A1F7E49CE007E134C /* Objective-C */ = {
			isa = PBXGroup;
			children = (
				1EA493051F5803AA00802500 /* ObjCModel.h */,
				1EA493061F5803AA00802500 /* ObjCModel.m */,
				1EA493081F5803C100802500 /* ObjCViewModel.h */,
				1EA493091F5803C100802500 /* ObjCViewModel.m */,
				1E277E0B1F56CC4F0077A324 /* ObjCViewController.h */,
				1E277E0C1F56CC4F0077A324 /* ObjCViewController.m */,
				1EEABB3C1F7E4EDD007E134C /* ObjCTableViewCell.h */,
				1EEABB3D1F7E4EDD007E134C /* ObjCTableViewCell.m */,
			);
			path = "Objective-C";
			sourceTree = "<group>";
		};
		1EEABB3B1F7E49E2007E134C /* Swift */ = {
			isa = PBXGroup;
			children = (
				1ECD74E91F5D8127002AFBAB /* SwiftyJSON.swift */,
				1E8B36731F5D86A600CF4DE7 /* SwiftTableViewCell.swift */,
				1E277E3D1F56F2020077A324 /* SwiftViewController.swift */,
				1EA493011F58002100802500 /* SwiftViewModel.swift */,
				1EA493031F58004D00802500 /* SwiftModel.swift */,
			);
			path = Swift;
			sourceTree = "<group>";
		};
/* End PBXGroup section */

/* Begin PBXNativeTarget section */
		1E277E041F56CC4F0077A324 /* Async Fetch Example */ = {
			isa = PBXNativeTarget;
			buildConfigurationList = 1E277E311F56CC500077A324 /* Build configuration list for PBXNativeTarget "Async Fetch Example" */;
			buildPhases = (
				1E277E011F56CC4F0077A324 /* Sources */,
				1E277E021F56CC4F0077A324 /* Frameworks */,
				1E277E031F56CC4F0077A324 /* Resources */,
			);
			buildRules = (
			);
			dependencies = (
			);
			name = "Async Fetch Example";
			productName = "Async Fetch Example";
			productReference = 1E277E051F56CC4F0077A324 /* Async Fetch Example.app */;
			productType = "com.apple.product-type.application";
		};
		1E277E1C1F56CC4F0077A324 /* Async Fetch ExampleTests */ = {
			isa = PBXNativeTarget;
			buildConfigurationList = 1E277E341F56CC500077A324 /* Build configuration list for PBXNativeTarget "Async Fetch ExampleTests" */;
			buildPhases = (
				1E277E191F56CC4F0077A324 /* Sources */,
				1E277E1A1F56CC4F0077A324 /* Frameworks */,
				1E277E1B1F56CC4F0077A324 /* Resources */,
			);
			buildRules = (
			);
			dependencies = (
				1E277E1F1F56CC4F0077A324 /* PBXTargetDependency */,
			);
			name = "Async Fetch ExampleTests";
			productName = "Async Fetch ExampleTests";
			productReference = 1E277E1D1F56CC4F0077A324 /* Async Fetch ExampleTests.xctest */;
			productType = "com.apple.product-type.bundle.unit-test";
		};
		1E277E271F56CC4F0077A324 /* Async Fetch ExampleUITests */ = {
			isa = PBXNativeTarget;
			buildConfigurationList = 1E277E371F56CC500077A324 /* Build configuration list for PBXNativeTarget "Async Fetch ExampleUITests" */;
			buildPhases = (
				1E277E241F56CC4F0077A324 /* Sources */,
				1E277E251F56CC4F0077A324 /* Frameworks */,
				1E277E261F56CC4F0077A324 /* Resources */,
			);
			buildRules = (
			);
			dependencies = (
				1E277E2A1F56CC4F0077A324 /* PBXTargetDependency */,
			);
			name = "Async Fetch ExampleUITests";
			productName = "Async Fetch ExampleUITests";
			productReference = 1E277E281F56CC4F0077A324 /* Async Fetch ExampleUITests.xctest */;
			productType = "com.apple.product-type.bundle.ui-testing";
		};
/* End PBXNativeTarget section */

/* Begin PBXProject section */
		1E277DFD1F56CC4F0077A324 /* Project object */ = {
			isa = PBXProject;
			attributes = {
				LastUpgradeCheck = 0900;
				ORGANIZATIONNAME = "Chris Adamson";
				TargetAttributes = {
					1E277E041F56CC4F0077A324 = {
						CreatedOnToolsVersion = 9.0;
						LastSwiftMigration = 0900;
						ProvisioningStyle = Automatic;
					};
					1E277E1C1F56CC4F0077A324 = {
						CreatedOnToolsVersion = 9.0;
						ProvisioningStyle = Automatic;
						TestTargetID = 1E277E041F56CC4F0077A324;
					};
					1E277E271F56CC4F0077A324 = {
						CreatedOnToolsVersion = 9.0;
						ProvisioningStyle = Automatic;
						TestTargetID = 1E277E041F56CC4F0077A324;
					};
				};
			};
			buildConfigurationList = 1E277E001F56CC4F0077A324 /* Build configuration list for PBXProject "Async Fetch Example" */;
			compatibilityVersion = "Xcode 8.0";
			developmentRegion = en;
			hasScannedForEncodings = 0;
			knownRegions = (
				en,
				Base,
			);
			mainGroup = 1E277DFC1F56CC4F0077A324;
			productRefGroup = 1E277E061F56CC4F0077A324 /* Products */;
			projectDirPath = "";
			projectRoot = "";
			targets = (
				1E277E041F56CC4F0077A324 /* Async Fetch Example */,
				1E277E1C1F56CC4F0077A324 /* Async Fetch ExampleTests */,
				1E277E271F56CC4F0077A324 /* Async Fetch ExampleUITests */,
			);
		};
/* End PBXProject section */

/* Begin PBXResourcesBuildPhase section */
		1E277E031F56CC4F0077A324 /* Resources */ = {
			isa = PBXResourcesBuildPhase;
			buildActionMask = 2147483647;
			files = (
				1E277E151F56CC4F0077A324 /* LaunchScreen.storyboard in Resources */,
				1E277E121F56CC4F0077A324 /* Assets.xcassets in Resources */,
				1E277E101F56CC4F0077A324 /* Main.storyboard in Resources */,
			);
			runOnlyForDeploymentPostprocessing = 0;
		};
		1E277E1B1F56CC4F0077A324 /* Resources */ = {
			isa = PBXResourcesBuildPhase;
			buildActionMask = 2147483647;
			files = (
			);
			runOnlyForDeploymentPostprocessing = 0;
		};
		1E277E261F56CC4F0077A324 /* Resources */ = {
			isa = PBXResourcesBuildPhase;
			buildActionMask = 2147483647;
			files = (
			);
			runOnlyForDeploymentPostprocessing = 0;
		};
/* End PBXResourcesBuildPhase section */

/* Begin PBXSourcesBuildPhase section */
		1E277E011F56CC4F0077A324 /* Sources */ = {
			isa = PBXSourcesBuildPhase;
			buildActionMask = 2147483647;
			files = (
				1E277E3E1F56F2020077A324 /* SwiftViewController.swift in Sources */,
				1EA493041F58004D00802500 /* SwiftModel.swift in Sources */,
				1EA4930A1F5803C100802500 /* ObjCViewModel.m in Sources */,
				1EA493021F58002100802500 /* SwiftViewModel.swift in Sources */,
				1E277E0D1F56CC4F0077A324 /* ObjCViewController.m in Sources */,
				1E8B36741F5D86A600CF4DE7 /* SwiftTableViewCell.swift in Sources */,
				1EA493071F5803AA00802500 /* ObjCModel.m in Sources */,
				1ECD74EA1F5D8127002AFBAB /* SwiftyJSON.swift in Sources */,
				1E277E181F56CC4F0077A324 /* main.m in Sources */,
				1EEABB3E1F7E4EDD007E134C /* ObjCTableViewCell.m in Sources */,
				1E277E0A1F56CC4F0077A324 /* AppDelegate.m in Sources */,
			);
			runOnlyForDeploymentPostprocessing = 0;
		};
		1E277E191F56CC4F0077A324 /* Sources */ = {
			isa = PBXSourcesBuildPhase;
			buildActionMask = 2147483647;
			files = (
				1E277E221F56CC4F0077A324 /* Async_Fetch_ExampleTests.m in Sources */,
			);
			runOnlyForDeploymentPostprocessing = 0;
		};
		1E277E241F56CC4F0077A324 /* Sources */ = {
			isa = PBXSourcesBuildPhase;
			buildActionMask = 2147483647;
			files = (
				1E277E2D1F56CC500077A324 /* Async_Fetch_ExampleUITests.m in Sources */,
			);
			runOnlyForDeploymentPostprocessing = 0;
		};
/* End PBXSourcesBuildPhase section */

/* Begin PBXTargetDependency section */
		1E277E1F1F56CC4F0077A324 /* PBXTargetDependency */ = {
			isa = PBXTargetDependency;
			target = 1E277E041F56CC4F0077A324 /* Async Fetch Example */;
			targetProxy = 1E277E1E1F56CC4F0077A324 /* PBXContainerItemProxy */;
		};
		1E277E2A1F56CC4F0077A324 /* PBXTargetDependency */ = {
			isa = PBXTargetDependency;
			target = 1E277E041F56CC4F0077A324 /* Async Fetch Example */;
			targetProxy = 1E277E291F56CC4F0077A324 /* PBXContainerItemProxy */;
		};
/* End PBXTargetDependency section */

/* Begin PBXVariantGroup section */
		1E277E0E1F56CC4F0077A324 /* Main.storyboard */ = {
			isa = PBXVariantGroup;
			children = (
				1E277E0F1F56CC4F0077A324 /* Base */,
			);
			name = Main.storyboard;
			sourceTree = "<group>";
		};
		1E277E131F56CC4F0077A324 /* LaunchScreen.storyboard */ = {
			isa = PBXVariantGroup;
			children = (
				1E277E141F56CC4F0077A324 /* Base */,
			);
			name = LaunchScreen.storyboard;
			sourceTree = "<group>";
		};
/* End PBXVariantGroup section */

/* Begin XCBuildConfiguration section */
		1E277E2F1F56CC500077A324 /* Debug */ = {
			isa = XCBuildConfiguration;
			buildSettings = {
				ALWAYS_SEARCH_USER_PATHS = NO;
				CLANG_ANALYZER_NONNULL = YES;
				CLANG_ANALYZER_NUMBER_OBJECT_CONVERSION = YES_AGGRESSIVE;
				CLANG_CXX_LANGUAGE_STANDARD = "gnu++14";
				CLANG_CXX_LIBRARY = "libc++";
				CLANG_ENABLE_MODULES = YES;
				CLANG_ENABLE_OBJC_ARC = YES;
				CLANG_WARN_BLOCK_CAPTURE_AUTORELEASING = YES;
				CLANG_WARN_BOOL_CONVERSION = YES;
				CLANG_WARN_COMMA = YES;
				CLANG_WARN_CONSTANT_CONVERSION = YES;
				CLANG_WARN_DIRECT_OBJC_ISA_USAGE = YES_ERROR;
				CLANG_WARN_DOCUMENTATION_COMMENTS = YES;
				CLANG_WARN_EMPTY_BODY = YES;
				CLANG_WARN_ENUM_CONVERSION = YES;
				CLANG_WARN_INFINITE_RECURSION = YES;
				CLANG_WARN_INT_CONVERSION = YES;
				CLANG_WARN_NON_LITERAL_NULL_CONVERSION = YES;
				CLANG_WARN_OBJC_LITERAL_CONVERSION = YES;
				CLANG_WARN_OBJC_ROOT_CLASS = YES_ERROR;
				CLANG_WARN_RANGE_LOOP_ANALYSIS = YES;
				CLANG_WARN_STRICT_PROTOTYPES = YES;
				CLANG_WARN_SUSPICIOUS_MOVE = YES;
				CLANG_WARN_UNGUARDED_AVAILABILITY = YES_AGGRESSIVE;
				CLANG_WARN_UNREACHABLE_CODE = YES;
				CLANG_WARN__DUPLICATE_METHOD_MATCH = YES;
				CODE_SIGN_IDENTITY = "iPhone Developer";
				COPY_PHASE_STRIP = NO;
				DEBUG_INFORMATION_FORMAT = dwarf;
				ENABLE_STRICT_OBJC_MSGSEND = YES;
				ENABLE_TESTABILITY = YES;
				GCC_C_LANGUAGE_STANDARD = gnu11;
				GCC_DYNAMIC_NO_PIC = NO;
				GCC_NO_COMMON_BLOCKS = YES;
				GCC_OPTIMIZATION_LEVEL = 0;
				GCC_PREPROCESSOR_DEFINITIONS = (
					"DEBUG=1",
					"$(inherited)",
				);
				GCC_WARN_64_TO_32_BIT_CONVERSION = YES;
				GCC_WARN_ABOUT_RETURN_TYPE = YES_ERROR;
				GCC_WARN_UNDECLARED_SELECTOR = YES;
				GCC_WARN_UNINITIALIZED_AUTOS = YES_AGGRESSIVE;
				GCC_WARN_UNUSED_FUNCTION = YES;
				GCC_WARN_UNUSED_VARIABLE = YES;
				IPHONEOS_DEPLOYMENT_TARGET = 11.0;
				MTL_ENABLE_DEBUG_INFO = YES;
				ONLY_ACTIVE_ARCH = YES;
				SDKROOT = iphoneos;
			};
			name = Debug;
		};
		1E277E301F56CC500077A324 /* Release */ = {
			isa = XCBuildConfiguration;
			buildSettings = {
				ALWAYS_SEARCH_USER_PATHS = NO;
				CLANG_ANALYZER_NONNULL = YES;
				CLANG_ANALYZER_NUMBER_OBJECT_CONVERSION = YES_AGGRESSIVE;
				CLANG_CXX_LANGUAGE_STANDARD = "gnu++14";
				CLANG_CXX_LIBRARY = "libc++";
				CLANG_ENABLE_MODULES = YES;
				CLANG_ENABLE_OBJC_ARC = YES;
				CLANG_WARN_BLOCK_CAPTURE_AUTORELEASING = YES;
				CLANG_WARN_BOOL_CONVERSION = YES;
				CLANG_WARN_COMMA = YES;
				CLANG_WARN_CONSTANT_CONVERSION = YES;
				CLANG_WARN_DIRECT_OBJC_ISA_USAGE = YES_ERROR;
				CLANG_WARN_DOCUMENTATION_COMMENTS = YES;
				CLANG_WARN_EMPTY_BODY = YES;
				CLANG_WARN_ENUM_CONVERSION = YES;
				CLANG_WARN_INFINITE_RECURSION = YES;
				CLANG_WARN_INT_CONVERSION = YES;
				CLANG_WARN_NON_LITERAL_NULL_CONVERSION = YES;
				CLANG_WARN_OBJC_LITERAL_CONVERSION = YES;
				CLANG_WARN_OBJC_ROOT_CLASS = YES_ERROR;
				CLANG_WARN_RANGE_LOOP_ANALYSIS = YES;
				CLANG_WARN_STRICT_PROTOTYPES = YES;
				CLANG_WARN_SUSPICIOUS_MOVE = YES;
				CLANG_WARN_UNGUARDED_AVAILABILITY = YES_AGGRESSIVE;
				CLANG_WARN_UNREACHABLE_CODE = YES;
				CLANG_WARN__DUPLICATE_METHOD_MATCH = YES;
				CODE_SIGN_IDENTITY = "iPhone Developer";
				COPY_PHASE_STRIP = NO;
				DEBUG_INFORMATION_FORMAT = "dwarf-with-dsym";
				ENABLE_NS_ASSERTIONS = NO;
				ENABLE_STRICT_OBJC_MSGSEND = YES;
				GCC_C_LANGUAGE_STANDARD = gnu11;
				GCC_NO_COMMON_BLOCKS = YES;
				GCC_WARN_64_TO_32_BIT_CONVERSION = YES;
				GCC_WARN_ABOUT_RETURN_TYPE = YES_ERROR;
				GCC_WARN_UNDECLARED_SELECTOR = YES;
				GCC_WARN_UNINITIALIZED_AUTOS = YES_AGGRESSIVE;
				GCC_WARN_UNUSED_FUNCTION = YES;
				GCC_WARN_UNUSED_VARIABLE = YES;
				IPHONEOS_DEPLOYMENT_TARGET = 11.0;
				MTL_ENABLE_DEBUG_INFO = NO;
				SDKROOT = iphoneos;
				SWIFT_OPTIMIZATION_LEVEL = "-Owholemodule";
				VALIDATE_PRODUCT = YES;
			};
			name = Release;
		};
		1E277E321F56CC500077A324 /* Debug */ = {
			isa = XCBuildConfiguration;
			buildSettings = {
				ASSETCATALOG_COMPILER_APPICON_NAME = AppIcon;
				CLANG_ENABLE_MODULES = YES;
				CODE_SIGN_STYLE = Automatic;
				DEVELOPMENT_TEAM = NC74HZ33YN;
				INFOPLIST_FILE = "Async Fetch Example/Info.plist";
				IPHONEOS_DEPLOYMENT_TARGET = 10.3;
				LD_RUNPATH_SEARCH_PATHS = "$(inherited) @executable_path/Frameworks";
				PRODUCT_BUNDLE_IDENTIFIER = "com.deftapplications.Async-Fetch-Example";
				PRODUCT_NAME = "$(TARGET_NAME)";
				SWIFT_OBJC_BRIDGING_HEADER = "Async Fetch Example/Async Fetch Example-Bridging-Header.h";
				SWIFT_OPTIMIZATION_LEVEL = "-Onone";
				SWIFT_VERSION = 3.0;
				TARGETED_DEVICE_FAMILY = "1,2";
			};
			name = Debug;
		};
		1E277E331F56CC500077A324 /* Release */ = {
			isa = XCBuildConfiguration;
			buildSettings = {
				ASSETCATALOG_COMPILER_APPICON_NAME = AppIcon;
				CLANG_ENABLE_MODULES = YES;
				CODE_SIGN_STYLE = Automatic;
				DEVELOPMENT_TEAM = NC74HZ33YN;
				INFOPLIST_FILE = "Async Fetch Example/Info.plist";
				IPHONEOS_DEPLOYMENT_TARGET = 10.3;
				LD_RUNPATH_SEARCH_PATHS = "$(inherited) @executable_path/Frameworks";
				PRODUCT_BUNDLE_IDENTIFIER = "com.deftapplications.Async-Fetch-Example";
				PRODUCT_NAME = "$(TARGET_NAME)";
				SWIFT_OBJC_BRIDGING_HEADER = "Async Fetch Example/Async Fetch Example-Bridging-Header.h";
				SWIFT_VERSION = 3.0;
				TARGETED_DEVICE_FAMILY = "1,2";
			};
			name = Release;
		};
		1E277E351F56CC500077A324 /* Debug */ = {
			isa = XCBuildConfiguration;
			buildSettings = {
				ALWAYS_EMBED_SWIFT_STANDARD_LIBRARIES = YES;
				BUNDLE_LOADER = "$(TEST_HOST)";
				CODE_SIGN_STYLE = Automatic;
				DEVELOPMENT_TEAM = NC74HZ33YN;
				INFOPLIST_FILE = "Async Fetch ExampleTests/Info.plist";
				IPHONEOS_DEPLOYMENT_TARGET = 10.3;
				LD_RUNPATH_SEARCH_PATHS = "$(inherited) @executable_path/Frameworks @loader_path/Frameworks";
				PRODUCT_BUNDLE_IDENTIFIER = "com.deftapplications.Async-Fetch-ExampleTests";
				PRODUCT_NAME = "$(TARGET_NAME)";
				TARGETED_DEVICE_FAMILY = "1,2";
				TEST_HOST = "$(BUILT_PRODUCTS_DIR)/Async Fetch Example.app/Async Fetch Example";
			};
			name = Debug;
		};
		1E277E361F56CC500077A324 /* Release */ = {
			isa = XCBuildConfiguration;
			buildSettings = {
				ALWAYS_EMBED_SWIFT_STANDARD_LIBRARIES = YES;
				BUNDLE_LOADER = "$(TEST_HOST)";
				CODE_SIGN_STYLE = Automatic;
				DEVELOPMENT_TEAM = NC74HZ33YN;
				INFOPLIST_FILE = "Async Fetch ExampleTests/Info.plist";
				IPHONEOS_DEPLOYMENT_TARGET = 10.3;
				LD_RUNPATH_SEARCH_PATHS = "$(inherited) @executable_path/Frameworks @loader_path/Frameworks";
				PRODUCT_BUNDLE_IDENTIFIER = "com.deftapplications.Async-Fetch-ExampleTests";
				PRODUCT_NAME = "$(TARGET_NAME)";
				TARGETED_DEVICE_FAMILY = "1,2";
				TEST_HOST = "$(BUILT_PRODUCTS_DIR)/Async Fetch Example.app/Async Fetch Example";
			};
			name = Release;
		};
		1E277E381F56CC500077A324 /* Debug */ = {
			isa = XCBuildConfiguration;
			buildSettings = {
				ALWAYS_EMBED_SWIFT_STANDARD_LIBRARIES = YES;
				CODE_SIGN_STYLE = Automatic;
				DEVELOPMENT_TEAM = NC74HZ33YN;
				INFOPLIST_FILE = "Async Fetch ExampleUITests/Info.plist";
				IPHONEOS_DEPLOYMENT_TARGET = 10.3;
				LD_RUNPATH_SEARCH_PATHS = "$(inherited) @executable_path/Frameworks @loader_path/Frameworks";
				PRODUCT_BUNDLE_IDENTIFIER = "com.deftapplications.Async-Fetch-ExampleUITests";
				PRODUCT_NAME = "$(TARGET_NAME)";
				TARGETED_DEVICE_FAMILY = "1,2";
				TEST_TARGET_NAME = "Async Fetch Example";
			};
			name = Debug;
		};
		1E277E391F56CC500077A324 /* Release */ = {
			isa = XCBuildConfiguration;
			buildSettings = {
				ALWAYS_EMBED_SWIFT_STANDARD_LIBRARIES = YES;
				CODE_SIGN_STYLE = Automatic;
				DEVELOPMENT_TEAM = NC74HZ33YN;
				INFOPLIST_FILE = "Async Fetch ExampleUITests/Info.plist";
				IPHONEOS_DEPLOYMENT_TARGET = 10.3;
				LD_RUNPATH_SEARCH_PATHS = "$(inherited) @executable_path/Frameworks @loader_path/Frameworks";
				PRODUCT_BUNDLE_IDENTIFIER = "com.deftapplications.Async-Fetch-ExampleUITests";
				PRODUCT_NAME = "$(TARGET_NAME)";
				TARGETED_DEVICE_FAMILY = "1,2";
				TEST_TARGET_NAME = "Async Fetch Example";
			};
			name = Release;
		};
/* End XCBuildConfiguration section */

/* Begin XCConfigurationList section */
		1E277E001F56CC4F0077A324 /* Build configuration list for PBXProject "Async Fetch Example" */ = {
			isa = XCConfigurationList;
			buildConfigurations = (
				1E277E2F1F56CC500077A324 /* Debug */,
				1E277E301F56CC500077A324 /* Release */,
			);
			defaultConfigurationIsVisible = 0;
			defaultConfigurationName = Release;
		};
		1E277E311F56CC500077A324 /* Build configuration list for PBXNativeTarget "Async Fetch Example" */ = {
			isa = XCConfigurationList;
			buildConfigurations = (
				1E277E321F56CC500077A324 /* Debug */,
				1E277E331F56CC500077A324 /* Release */,
			);
			defaultConfigurationIsVisible = 0;
			defaultConfigurationName = Release;
		};
		1E277E341F56CC500077A324 /* Build configuration list for PBXNativeTarget "Async Fetch ExampleTests" */ = {
			isa = XCConfigurationList;
			buildConfigurations = (
				1E277E351F56CC500077A324 /* Debug */,
				1E277E361F56CC500077A324 /* Release */,
			);
			defaultConfigurationIsVisible = 0;
			defaultConfigurationName = Release;
		};
		1E277E371F56CC500077A324 /* Build configuration list for PBXNativeTarget "Async Fetch ExampleUITests" */ = {
			isa = XCConfigurationList;
			buildConfigurations = (
				1E277E381F56CC500077A324 /* Debug */,
				1E277E391F56CC500077A324 /* Release */,
			);
			defaultConfigurationIsVisible = 0;
			defaultConfigurationName = Release;
		};
/* End XCConfigurationList section */
	};
	rootObject = 1E277DFD1F56CC4F0077A324 /* Project object */;
}
